
Microsoft Visual Studio Solution File, Format Version 12.00
# Visual Studio Version 16
VisualStudioVersion = 16.0.32901.82
MinimumVisualStudioVersion = 10.0.40219.1
Project("{FAE04EC0-301F-11D3-BF4B-00C04F79EFBC}") = "Task1", "Task1\Task1.csproj", "{551000BC-E680-49FC-BDA8-F4D1B7A68AA5}"
EndProject
Project("{FAE04EC0-301F-11D3-BF4B-00C04F79EFBC}") = "Task2", "Task2\Task2.csproj", "{DCBF96D9-8951-4FD5-96A4-0C72B12FE229}"
EndProject
Global
	GlobalSection(SolutionConfigurationPlatforms) = preSolution
		Debug|Any CPU = Debug|Any CPU
		Release|Any CPU = Release|Any CPU
	EndGlobalSection
	GlobalSection(ProjectConfigurationPlatforms) = postSolution
		{551000BC-E680-49FC-BDA8-F4D1B7A68AA5}.Debug|Any CPU.ActiveCfg = Debug|Any CPU
		{551000BC-E680-49FC-BDA8-F4D1B7A68AA5}.Debug|Any CPU.Build.0 = Debug|Any CPU
		{551000BC-E680-49FC-BDA8-F4D1B7A68AA5}.Release|Any CPU.ActiveCfg = Release|Any CPU
		{551000BC-E680-49FC-BDA8-F4D1B7A68AA5}.Release|Any CPU.Build.0 = Release|Any CPU
		{DCBF96D9-8951-4FD5-96A4-0C72B12FE229}.Debug|Any CPU.ActiveCfg = Debug|Any CPU
		{DCBF96D9-8951-4FD5-96A4-0C72B12FE229}.Debug|Any CPU.Build.0 = Debug|Any CPU
		{DCBF96D9-8951-4FD5-96A4-0C72B12FE229}.Release|Any CPU.ActiveCfg = Release|Any CPU
		{DCBF96D9-8951-4FD5-96A4-0C72B12FE229}.Release|Any CPU.Build.0 = Release|Any CPU
	EndGlobalSection
	GlobalSection(SolutionProperties) = preSolution
		HideSolutionNode = FALSE
	EndGlobalSection
	GlobalSection(ExtensibilityGlobals) = postSolution
		SolutionGuid = {10E87A76-9CE5-47AC-BA6D-6BC9317E5FE0}
	EndGlobalSection
EndGlobal
